
Microsoft Visual Studio Solution File, Format Version 12.00
# Visual Studio Version 17
VisualStudioVersion = 17.0.31903.59
MinimumVisualStudioVersion = 10.0.40219.1
Project("{9A19103F-16F7-4668-BE54-9A1E7A4F7556}") = "NET6.Api", "NET6.Api\NET6.Api.csproj", "{B3320050-43AB-4DA9-979F-9F2F2124EC39}"
EndProject
Project("{9A19103F-16F7-4668-BE54-9A1E7A4F7556}") = "NET6.Domain", "NET6.Domain\NET6.Domain.csproj", "{DD48E42D-1F4E-4224-A64D-0EDCB0BD8565}"
EndProject
Project("{9A19103F-16F7-4668-BE54-9A1E7A4F7556}") = "NET6.Infrastructure", "NET6.Infrastructure\NET6.Infrastructure.csproj", "{4D3C92BA-D5DF-4653-9109-A4D359EACAED}"
EndProject
Project("{9A19103F-16F7-4668-BE54-9A1E7A4F7556}") = "EntitySync", "EntitySync\EntitySync.csproj", "{7BD9E30D-090B-4B03-9CDB-5980E617214C}"
EndProject
Global
	GlobalSection(SolutionConfigurationPlatforms) = preSolution
		Debug|Any CPU = Debug|Any CPU
		Release|Any CPU = Release|Any CPU
	EndGlobalSection
	GlobalSection(ProjectConfigurationPlatforms) = postSolution
		{B3320050-43AB-4DA9-979F-9F2F2124EC39}.Debug|Any CPU.ActiveCfg = Debug|Any CPU
		{B3320050-43AB-4DA9-979F-9F2F2124EC39}.Debug|Any CPU.Build.0 = Debug|Any CPU
		{B3320050-43AB-4DA9-979F-9F2F2124EC39}.Release|Any CPU.ActiveCfg = Release|Any CPU
		{B3320050-43AB-4DA9-979F-9F2F2124EC39}.Release|Any CPU.Build.0 = Release|Any CPU
		{DD48E42D-1F4E-4224-A64D-0EDCB0BD8565}.Debug|Any CPU.ActiveCfg = Debug|Any CPU
		{DD48E42D-1F4E-4224-A64D-0EDCB0BD8565}.Debug|Any CPU.Build.0 = Debug|Any CPU
		{DD48E42D-1F4E-4224-A64D-0EDCB0BD8565}.Release|Any CPU.ActiveCfg = Release|Any CPU
		{DD48E42D-1F4E-4224-A64D-0EDCB0BD8565}.Release|Any CPU.Build.0 = Release|Any CPU
		{4D3C92BA-D5DF-4653-9109-A4D359EACAED}.Debug|Any CPU.ActiveCfg = Debug|Any CPU
		{4D3C92BA-D5DF-4653-9109-A4D359EACAED}.Debug|Any CPU.Build.0 = Debug|Any CPU
		{4D3C92BA-D5DF-4653-9109-A4D359EACAED}.Release|Any CPU.ActiveCfg = Release|Any CPU
		{4D3C92BA-D5DF-4653-9109-A4D359EACAED}.Release|Any CPU.Build.0 = Release|Any CPU
		{7BD9E30D-090B-4B03-9CDB-5980E617214C}.Debug|Any CPU.ActiveCfg = Debug|Any CPU
		{7BD9E30D-090B-4B03-9CDB-5980E617214C}.Debug|Any CPU.Build.0 = Debug|Any CPU
		{7BD9E30D-090B-4B03-9CDB-5980E617214C}.Release|Any CPU.ActiveCfg = Release|Any CPU
		{7BD9E30D-090B-4B03-9CDB-5980E617214C}.Release|Any CPU.Build.0 = Release|Any CPU
	EndGlobalSection
	GlobalSection(SolutionProperties) = preSolution
		HideSolutionNode = FALSE
	EndGlobalSection
	GlobalSection(ExtensibilityGlobals) = postSolution
		SolutionGuid = {637BE639-E684-4BF5-857D-8936344687D6}
	EndGlobalSection
EndGlobal
